
Microsoft Visual Studio Solution File, Format Version 12.00
# Visual Studio 15
VisualStudioVersion = 15.0.28307.489
MinimumVisualStudioVersion = 10.0.40219.1
Project("{FAE04EC0-301F-11D3-BF4B-00C04F79EFBC}") = "RealmSqlStudio", "RealmSqlStudio\RealmSqlStudio.csproj", "{43E8ECD6-FC4A-4CF9-AEDF-8DAE55BC61E5}"
EndProject
Global
	GlobalSection(SolutionConfigurationPlatforms) = preSolution
		Debug|Any CPU = Debug|Any CPU
		Release|Any CPU = Release|Any CPU
	EndGlobalSection
	GlobalSection(ProjectConfigurationPlatforms) = postSolution
		{43E8ECD6-FC4A-4CF9-AEDF-8DAE55BC61E5}.Debug|Any CPU.ActiveCfg = Debug|Any CPU
		{43E8ECD6-FC4A-4CF9-AEDF-8DAE55BC61E5}.Debug|Any CPU.Build.0 = Debug|Any CPU
		{43E8ECD6-FC4A-4CF9-AEDF-8DAE55BC61E5}.Release|Any CPU.ActiveCfg = Release|Any CPU
		{43E8ECD6-FC4A-4CF9-AEDF-8DAE55BC61E5}.Release|Any CPU.Build.0 = Release|Any CPU
	EndGlobalSection
	GlobalSection(SolutionProperties) = preSolution
		HideSolutionNode = FALSE
	EndGlobalSection
	GlobalSection(ExtensibilityGlobals) = postSolution
		SolutionGuid = {BBF12F68-54A2-41EF-A44C-327E354536A2}
	EndGlobalSection
EndGlobal
